<?xml version="1.0" encoding="utf-8"?>
<Project ToolsVersion="4.0" xmlns="http://schemas.microsoft.com/developer/msbuild/2003">
  <ItemGroup>
    <Filter Include="Source Files">
      <UniqueIdentifier>{4FC737F1-C7A5-4376-A066-2A32D752A2FF}</UniqueIdentifier>
      <Extensions>cpp;c;cc;cxx;c++;def;odl;idl;hpj;bat;asm;asmx</Extensions>
    </Filter>
    <Filter Include="Header Files">
      <UniqueIdentifier>{93995380-89BD-4b04-88EB-625FBE52EBFB}</UniqueIdentifier>
      <Extensions>h;hh;hpp;hxx;h++;hm;inl;inc;ipp;xsd</Extensions>
    </Filter>
    <Filter Include="Shaders">
      <UniqueIdentifier>{1ed1655c-cc91-4456-b4e8-ff541677a371}</UniqueIdentifier>
    </Filter>
    <Filter Include="Header Files\DrawLists">
      <UniqueIdentifier>{057fb78e-f2af-4fcc-ad54-0317fa5dc972}</UniqueIdentifier>
    </Filter>
    <Filter Include="Source Files\DrawLists">
      <UniqueIdentifier>{4fe452fe-3cc5-4932-8d4e-d450bca809c9}</UniqueIdentifier>
    </Filter>
    <Filter Include="Scripts">
      <UniqueIdentifier>{3ff2983b-7f5b-43aa-9d86-cda990360f7a}</UniqueIdentifier>
    </Filter>
    <Filter Include="Header Files\GameObject">
      <UniqueIdentifier>{e9d86072-50c4-4746-a457-90bd763fcfc7}</UniqueIdentifier>
    </Filter>
    <Filter Include="Source Files\GameObject">
      <UniqueIdentifier>{fa1719a7-9696-4dec-9566-3fca2d1e7e7c}</UniqueIdentifier>
    </Filter>
    <Filter Include="Header Files\Resources">
      <UniqueIdentifier>{10df334b-9d2d-4c6a-acad-3b35228f33c1}</UniqueIdentifier>
    </Filter>
    <Filter Include="Source Files\Resources">
      <UniqueIdentifier>{e426cd22-5707-4975-831b-c33d2299a5b4}</UniqueIdentifier>
    </Filter>
    <Filter Include="Header Files\Lights">
      <UniqueIdentifier>{b1919a0e-6d97-4050-aa17-ea73c5c055c4}</UniqueIdentifier>
    </Filter>
    <Filter Include="Source Files\Lights">
      <UniqueIdentifier>{961cedc2-4777-4c03-aa18-dd5d9a1cff8a}</UniqueIdentifier>
    </Filter>
    <Filter Include="Header Files\StaticInput">
      <UniqueIdentifier>{900333fe-e564-4ff1-b029-b0f196711da0}</UniqueIdentifier>
    </Filter>
    <Filter Include="Source Files\StaticInput">
      <UniqueIdentifier>{50f8b5d2-0cb8-4ed5-b617-2de559aff407}</UniqueIdentifier>
    </Filter>
    <Filter Include="Source Files\MVP">
      <UniqueIdentifier>{1d1d46ef-ac73-47ba-abcf-64a8f4cac650}</UniqueIdentifier>
    </Filter>
    <Filter Include="Header Files\MVP">
      <UniqueIdentifier>{7608928e-7eec-467c-9856-510c899e1c11}</UniqueIdentifier>
    </Filter>
  </ItemGroup>
  <ItemGroup>
    <ClCompile Include="Window.cpp">
      <Filter>Source Files</Filter>
    </ClCompile>
    <ClCompile Include="Camera.cpp">
      <Filter>Source Files</Filter>
    </ClCompile>
    <ClCompile Include="Main.cpp">
      <Filter>Source Files</Filter>
    </ClCompile>
    <ClCompile Include="Text.cpp">
      <Filter>Source Files</Filter>
    </ClCompile>
    <ClCompile Include="AssetLoader.cpp">
      <Filter>Source Files</Filter>
    </ClCompile>
    <ClCompile Include="LightIcon.cpp">
      <Filter>Source Files</Filter>
    </ClCompile>
    <ClCompile Include="Drawable.cpp">
      <Filter>Source Files</Filter>
    </ClCompile>
    <ClCompile Include="IlluminationDrawList.cpp">
      <Filter>Source Files\DrawLists</Filter>
    </ClCompile>
    <ClCompile Include="TransparencyDrawList.cpp">
      <Filter>Source Files\DrawLists</Filter>
    </ClCompile>
    <ClCompile Include="Timer.cpp">
      <Filter>Source Files</Filter>
    </ClCompile>
    <ClCompile Include="GameObject.cpp">
      <Filter>Source Files\GameObject</Filter>
    </ClCompile>
    <ClCompile Include="Script.cpp">
      <Filter>Source Files\GameObject</Filter>
    </ClCompile>
    <ClCompile Include="Plane.cpp">
      <Filter>Source Files</Filter>
    </ClCompile>
    <ClCompile Include="Skybox.cpp">
      <Filter>Source Files</Filter>
    </ClCompile>
    <ClCompile Include="CubeMap.cpp">
      <Filter>Source Files\Resources</Filter>
    </ClCompile>
    <ClCompile Include="Shader.cpp">
      <Filter>Source Files\Resources</Filter>
    </ClCompile>
    <ClCompile Include="Texture.cpp">
      <Filter>Source Files\Resources</Filter>
    </ClCompile>
    <ClCompile Include="Font.cpp">
      <Filter>Source Files\Resources</Filter>
    </ClCompile>
    <ClCompile Include="Mesh.cpp">
      <Filter>Source Files\Resources</Filter>
    </ClCompile>
    <ClCompile Include="Material.cpp">
      <Filter>Source Files\Resources</Filter>
    </ClCompile>
    <ClCompile Include="RenderBuffer.cpp">
      <Filter>Source Files</Filter>
    </ClCompile>
    <ClCompile Include="FrameBuffer.cpp">
      <Filter>Source Files</Filter>
    </ClCompile>
    <ClCompile Include="Light.cpp">
      <Filter>Source Files\Lights</Filter>
    </ClCompile>
    <ClCompile Include="DirectionalLight.cpp">
      <Filter>Source Files\Lights</Filter>
    </ClCompile>
    <ClCompile Include="SpotLight.cpp">
      <Filter>Source Files\Lights</Filter>
    </ClCompile>
    <ClCompile Include="PointLight.cpp">
      <Filter>Source Files\Lights</Filter>
    </ClCompile>
    <ClCompile Include="ShadowMappingDrawList.cpp">
      <Filter>Source Files\DrawLists</Filter>
    </ClCompile>
    <ClCompile Include="Keyboard.cpp">
      <Filter>Source Files\StaticInput</Filter>
    </ClCompile>
    <ClCompile Include="Mouse.cpp">
      <Filter>Source Files\StaticInput</Filter>
    </ClCompile>
    <ClCompile Include="Game.cpp">
      <Filter>Source Files</Filter>
    </ClCompile>
    <ClCompile Include="UiOverlay.cpp">
      <Filter>Source Files</Filter>
    </ClCompile>
    <ClCompile Include="BasicDrawList.cpp">
      <Filter>Source Files\DrawLists</Filter>
    </ClCompile>
    <ClCompile Include="DrawListDecorator.cpp">
      <Filter>Source Files\DrawLists</Filter>
    </ClCompile>
    <ClCompile Include="Projection.cpp">
      <Filter>Source Files\MVP</Filter>
    </ClCompile>
    <ClCompile Include="Model.cpp">
      <Filter>Source Files</Filter>
    </ClCompile>
    <ClCompile Include="Transform.cpp">
      <Filter>Source Files\MVP</Filter>
    </ClCompile>
  </ItemGroup>
  <ItemGroup>
    <ClInclude Include="Window.h">
      <Filter>Header Files</Filter>
    </ClInclude>
    <ClInclude Include="Error.h">
      <Filter>Header Files</Filter>
    </ClInclude>
    <ClInclude Include="Camera.h">
      <Filter>Header Files</Filter>
    </ClInclude>
    <ClInclude Include="Text.h">
      <Filter>Header Files</Filter>
    </ClInclude>
    <ClInclude Include="LightIcon.h">
      <Filter>Header Files</Filter>
    </ClInclude>
    <ClInclude Include="Drawable.h">
      <Filter>Header Files</Filter>
    </ClInclude>
    <ClInclude Include="DrawList.h">
      <Filter>Header Files\DrawLists</Filter>
    </ClInclude>
    <ClInclude Include="IlluminationDrawList.h">
      <Filter>Header Files\DrawLists</Filter>
    </ClInclude>
    <ClInclude Include="TransparencyDrawList.h">
      <Filter>Header Files\DrawLists</Filter>
    </ClInclude>
    <ClInclude Include="DrawListBuilder.h">
      <Filter>Header Files\DrawLists</Filter>
    </ClInclude>
    <ClInclude Include="Timer.h">
      <Filter>Header Files</Filter>
    </ClInclude>
    <ClInclude Include="AssetLoader.h">
      <Filter>Header Files</Filter>
    </ClInclude>
    <ClInclude Include="GameObject.h">
      <Filter>Header Files\GameObject</Filter>
    </ClInclude>
    <ClInclude Include="Script.h">
      <Filter>Header Files\GameObject</Filter>
    </ClInclude>
    <ClInclude Include="Plane.h">
      <Filter>Header Files</Filter>
    </ClInclude>
    <ClInclude Include="ResourceManager.h">
      <Filter>Header Files</Filter>
    </ClInclude>
    <ClInclude Include="Skybox.h">
      <Filter>Header Files</Filter>
    </ClInclude>
    <ClInclude Include="Resource.h">
      <Filter>Header Files\Resources</Filter>
    </ClInclude>
    <ClInclude Include="Material.h">
      <Filter>Header Files\Resources</Filter>
    </ClInclude>
    <ClInclude Include="Texture.h">
      <Filter>Header Files\Resources</Filter>
    </ClInclude>
    <ClInclude Include="CubeMap.h">
      <Filter>Header Files\Resources</Filter>
    </ClInclude>
    <ClInclude Include="Font.h">
      <Filter>Header Files\Resources</Filter>
    </ClInclude>
    <ClInclude Include="Shader.h">
      <Filter>Header Files\Resources</Filter>
    </ClInclude>
    <ClInclude Include="Mesh.h">
      <Filter>Header Files\Resources</Filter>
    </ClInclude>
    <ClInclude Include="RenderBuffer.h">
      <Filter>Header Files</Filter>
    </ClInclude>
    <ClInclude Include="FrameBuffer.h">
      <Filter>Header Files</Filter>
    </ClInclude>
    <ClInclude Include="Light.h">
      <Filter>Header Files\Lights</Filter>
    </ClInclude>
    <ClInclude Include="DirectionalLight.h">
      <Filter>Header Files\Lights</Filter>
    </ClInclude>
    <ClInclude Include="PointLight.h">
      <Filter>Header Files\Lights</Filter>
    </ClInclude>
    <ClInclude Include="SpotLight.h">
      <Filter>Header Files\Lights</Filter>
    </ClInclude>
    <ClInclude Include="ShadowMappingDrawList.h">
      <Filter>Header Files\DrawLists</Filter>
    </ClInclude>
    <ClInclude Include="Keyboard.h">
      <Filter>Header Files\StaticInput</Filter>
    </ClInclude>
    <ClInclude Include="Mouse.h">
      <Filter>Header Files\StaticInput</Filter>
    </ClInclude>
    <ClInclude Include="Game.h">
      <Filter>Header Files</Filter>
    </ClInclude>
    <ClInclude Include="UiOverlay.h">
      <Filter>Header Files</Filter>
    </ClInclude>
    <ClInclude Include="BasicDrawList.h">
      <Filter>Header Files\DrawLists</Filter>
    </ClInclude>
    <ClInclude Include="DrawListDecorator.h">
      <Filter>Header Files\DrawLists</Filter>
    </ClInclude>
    <ClInclude Include="Projection.h">
      <Filter>Header Files\MVP</Filter>
    </ClInclude>
    <ClInclude Include="Transform.h">
      <Filter>Header Files\MVP</Filter>
    </ClInclude>
    <ClInclude Include="Model.h">
      <Filter>Header Files</Filter>
    </ClInclude>
  </ItemGroup>
  <ItemGroup>
    <None Include="Shaders\Text.frag">
      <Filter>Shaders</Filter>
    </None>
    <None Include="Shaders\Text.vert">
      <Filter>Shaders</Filter>
    </None>
    <None Include="Shaders\Lighting.frag">
      <Filter>Shaders</Filter>
    </None>
    <None Include="Shaders\Lighting.vert">
      <Filter>Shaders</Filter>
    </None>
    <None Include="Shaders\LightIconParticle.frag">
      <Filter>Shaders</Filter>
    </None>
    <None Include="Shaders\LightIconParticle.vert">
      <Filter>Shaders</Filter>
    </None>
    <None Include="Scripts\Cube.lua">
      <Filter>Scripts</Filter>
    </None>
    <None Include="Scripts\Earth.lua">
      <Filter>Scripts</Filter>
    </None>
    <None Include="Scripts\Starfighter.lua">
      <Filter>Scripts</Filter>
    </None>
    <None Include="Scripts\Tetrahedron.lua">
      <Filter>Scripts</Filter>
    </None>
    <None Include="Shaders\Skybox.vert">
      <Filter>Shaders</Filter>
    </None>
    <None Include="Shaders\Skybox.frag">
      <Filter>Shaders</Filter>
    </None>
    <None Include="Shaders\Depth.frag">
      <Filter>Shaders</Filter>
    </None>
    <None Include="Shaders\Depth.vert">
      <Filter>Shaders</Filter>
    </None>
    <None Include="Shaders\ShadowMappingDepth.vert">
      <Filter>Shaders</Filter>
    </None>
    <None Include="Shaders\ShadowMappingDepth.frag">
      <Filter>Shaders</Filter>
    </None>
  </ItemGroup>
</Project>